Microsoft Visual Studio Solution File, Format Version 11.00
# Visual Studio 2008

Project("{A419B3F8-3620-C52C-768B-77A75282AE40}") = "Semester Project Test", "Assembly-CSharp.csproj", "{1282D7C4-A077-BF85-0412-F99E5BEA3D6E}"
EndProject
Global
	GlobalSection(SolutionConfigurationPlatforms) = preSolution
		Debug|Any CPU = Debug|Any CPU
		Release|Any CPU = Release|Any CPU
	EndGlobalSection
	GlobalSection(ProjectConfigurationPlatforms) = postSolution
		{1282D7C4-A077-BF85-0412-F99E5BEA3D6E}.Debug|Any CPU.ActiveCfg = Debug|Any CPU
		{1282D7C4-A077-BF85-0412-F99E5BEA3D6E}.Debug|Any CPU.Build.0 = Debug|Any CPU
		{1282D7C4-A077-BF85-0412-F99E5BEA3D6E}.Release|Any CPU.ActiveCfg = Release|Any CPU
		{1282D7C4-A077-BF85-0412-F99E5BEA3D6E}.Release|Any CPU.Build.0 = Release|Any CPU
	EndGlobalSection
	GlobalSection(SolutionProperties) = preSolution
		HideSolutionNode = FALSE
	EndGlobalSection
	GlobalSection(MonoDevelopProperties) = preSolution
		StartupItem = Assembly-CSharp.csproj
	EndGlobalSection
EndGlobal
